
Microsoft Visual Studio Solution File, Format Version 12.00
# Visual Studio 15
VisualStudioVersion = 15.0.26124.0
MinimumVisualStudioVersion = 15.0.26124.0
Project("{FAE04EC0-301F-11D3-BF4B-00C04F79EFBC}") = "auth", "auth.csproj", "{FBE46DFC-7930-41ED-9CB8-D3E73EF6D268}"
EndProject
Project("{2150E333-8FDC-42A3-9474-1A3956D46DE8}") = "tests", "tests", "{00D7A053-8737-46FB-9733-CB464996362E}"
EndProject
Project("{FAE04EC0-301F-11D3-BF4B-00C04F79EFBC}") = "auth.UnitTests", "tests\auth.UnitTests\auth.UnitTests.csproj", "{1134344A-0744-4F93-A108-C65605713A37}"
EndProject
Global
	GlobalSection(SolutionConfigurationPlatforms) = preSolution
		Debug|Any CPU = Debug|Any CPU
		Debug|x64 = Debug|x64
		Debug|x86 = Debug|x86
		Release|Any CPU = Release|Any CPU
		Release|x64 = Release|x64
		Release|x86 = Release|x86
	EndGlobalSection
	GlobalSection(SolutionProperties) = preSolution
		HideSolutionNode = FALSE
	EndGlobalSection
	GlobalSection(ProjectConfigurationPlatforms) = postSolution
		{FBE46DFC-7930-41ED-9CB8-D3E73EF6D268}.Debug|Any CPU.ActiveCfg = Debug|Any CPU
		{FBE46DFC-7930-41ED-9CB8-D3E73EF6D268}.Debug|Any CPU.Build.0 = Debug|Any CPU
		{FBE46DFC-7930-41ED-9CB8-D3E73EF6D268}.Debug|x64.ActiveCfg = Debug|Any CPU
		{FBE46DFC-7930-41ED-9CB8-D3E73EF6D268}.Debug|x64.Build.0 = Debug|Any CPU
		{FBE46DFC-7930-41ED-9CB8-D3E73EF6D268}.Debug|x86.ActiveCfg = Debug|Any CPU
		{FBE46DFC-7930-41ED-9CB8-D3E73EF6D268}.Debug|x86.Build.0 = Debug|Any CPU
		{FBE46DFC-7930-41ED-9CB8-D3E73EF6D268}.Release|Any CPU.ActiveCfg = Release|Any CPU
		{FBE46DFC-7930-41ED-9CB8-D3E73EF6D268}.Release|Any CPU.Build.0 = Release|Any CPU
		{FBE46DFC-7930-41ED-9CB8-D3E73EF6D268}.Release|x64.ActiveCfg = Release|Any CPU
		{FBE46DFC-7930-41ED-9CB8-D3E73EF6D268}.Release|x64.Build.0 = Release|Any CPU
		{FBE46DFC-7930-41ED-9CB8-D3E73EF6D268}.Release|x86.ActiveCfg = Release|Any CPU
		{FBE46DFC-7930-41ED-9CB8-D3E73EF6D268}.Release|x86.Build.0 = Release|Any CPU
		{1134344A-0744-4F93-A108-C65605713A37}.Debug|Any CPU.ActiveCfg = Debug|Any CPU
		{1134344A-0744-4F93-A108-C65605713A37}.Debug|Any CPU.Build.0 = Debug|Any CPU
		{1134344A-0744-4F93-A108-C65605713A37}.Debug|x64.ActiveCfg = Debug|Any CPU
		{1134344A-0744-4F93-A108-C65605713A37}.Debug|x64.Build.0 = Debug|Any CPU
		{1134344A-0744-4F93-A108-C65605713A37}.Debug|x86.ActiveCfg = Debug|Any CPU
		{1134344A-0744-4F93-A108-C65605713A37}.Debug|x86.Build.0 = Debug|Any CPU
		{1134344A-0744-4F93-A108-C65605713A37}.Release|Any CPU.ActiveCfg = Release|Any CPU
		{1134344A-0744-4F93-A108-C65605713A37}.Release|Any CPU.Build.0 = Release|Any CPU
		{1134344A-0744-4F93-A108-C65605713A37}.Release|x64.ActiveCfg = Release|Any CPU
		{1134344A-0744-4F93-A108-C65605713A37}.Release|x64.Build.0 = Release|Any CPU
		{1134344A-0744-4F93-A108-C65605713A37}.Release|x86.ActiveCfg = Release|Any CPU
		{1134344A-0744-4F93-A108-C65605713A37}.Release|x86.Build.0 = Release|Any CPU
	EndGlobalSection
	GlobalSection(NestedProjects) = preSolution
		{1134344A-0744-4F93-A108-C65605713A37} = {00D7A053-8737-46FB-9733-CB464996362E}
	EndGlobalSection
EndGlobal
